// !$*UTF8*$!
{
	archiveVersion = 1;
	classes = {
	};
	objectVersion = 48;
	objects = {

/* Begin PBXBuildFile section */
		72538D25201F2DAE00C647A4 /* AppDelegate.m in Sources */ = {isa = PBXBuildFile; fileRef = 72538D24201F2DAE00C647A4 /* AppDelegate.m */; };
		72538D2B201F2DAE00C647A4 /* Main.storyboard in Resources */ = {isa = PBXBuildFile; fileRef = 72538D29201F2DAE00C647A4 /* Main.storyboard */; };
		72538D2D201F2DAE00C647A4 /* Assets.xcassets in Resources */ = {isa = PBXBuildFile; fileRef = 72538D2C201F2DAE00C647A4 /* Assets.xcassets */; };
		72538D30201F2DAE00C647A4 /* LaunchScreen.storyboard in Resources */ = {isa = PBXBuildFile; fileRef = 72538D2E201F2DAE00C647A4 /* LaunchScreen.storyboard */; };
		72538D33201F2DAE00C647A4 /* main.m in Sources */ = {isa = PBXBuildFile; fileRef = 72538D32201F2DAE00C647A4 /* main.m */; };
		72538D3B201F2FFD00C647A4 /* MainTableViewController.m in Sources */ = {isa = PBXBuildFile; fileRef = 72538D3A201F2FFD00C647A4 /* MainTableViewController.m */; };
		72538D3E201F30EF00C647A4 /* BeerListTableViewController.m in Sources */ = {isa = PBXBuildFile; fileRef = 72538D3D201F30EF00C647A4 /* BeerListTableViewController.m */; };
		72538D41201F311600C647A4 /* AddToListViewController.m in Sources */ = {isa = PBXBuildFile; fileRef = 72538D40201F311600C647A4 /* AddToListViewController.m */; };
		72538D44201F54EA00C647A4 /* BeerDetailsViewController.m in Sources */ = {isa = PBXBuildFile; fileRef = 72538D43201F54EA00C647A4 /* BeerDetailsViewController.m */; };
/* End PBXBuildFile section */

/* Begin PBXFileReference section */
		72538D20201F2DAE00C647A4 /* Beers-2-Drink.app */ = {isa = PBXFileReference; explicitFileType = wrapper.application; includeInIndex = 0; path = "Beers-2-Drink.app"; sourceTree = BUILT_PRODUCTS_DIR; };
		72538D23201F2DAE00C647A4 /* AppDelegate.h */ = {isa = PBXFileReference; lastKnownFileType = sourcecode.c.h; path = AppDelegate.h; sourceTree = "<group>"; };
		72538D24201F2DAE00C647A4 /* AppDelegate.m */ = {isa = PBXFileReference; lastKnownFileType = sourcecode.c.objc; path = AppDelegate.m; sourceTree = "<group>"; };
		72538D2A201F2DAE00C647A4 /* Base */ = {isa = PBXFileReference; lastKnownFileType = file.storyboard; name = Base; path = Base.lproj/Main.storyboard; sourceTree = "<group>"; };
		72538D2C201F2DAE00C647A4 /* Assets.xcassets */ = {isa = PBXFileReference; lastKnownFileType = folder.assetcatalog; path = Assets.xcassets; sourceTree = "<group>"; };
		72538D2F201F2DAE00C647A4 /* Base */ = {isa = PBXFileReference; lastKnownFileType = file.storyboard; name = Base; path = Base.lproj/LaunchScreen.storyboard; sourceTree = "<group>"; };
		72538D31201F2DAE00C647A4 /* Info.plist */ = {isa = PBXFileReference; lastKnownFileType = text.plist.xml; path = Info.plist; sourceTree = "<group>"; };
		72538D32201F2DAE00C647A4 /* main.m */ = {isa = PBXFileReference; lastKnownFileType = sourcecode.c.objc; path = main.m; sourceTree = "<group>"; };
		72538D39201F2FFD00C647A4 /* MainTableViewController.h */ = {isa = PBXFileReference; lastKnownFileType = sourcecode.c.h; path = MainTableViewController.h; sourceTree = "<group>"; };
		72538D3A201F2FFD00C647A4 /* MainTableViewController.m */ = {isa = PBXFileReference; lastKnownFileType = sourcecode.c.objc; path = MainTableViewController.m; sourceTree = "<group>"; };
		72538D3C201F30EF00C647A4 /* BeerListTableViewController.h */ = {isa = PBXFileReference; lastKnownFileType = sourcecode.c.h; path = BeerListTableViewController.h; sourceTree = "<group>"; };
		72538D3D201F30EF00C647A4 /* BeerListTableViewController.m */ = {isa = PBXFileReference; lastKnownFileType = sourcecode.c.objc; path = BeerListTableViewController.m; sourceTree = "<group>"; };
		72538D3F201F311600C647A4 /* AddToListViewController.h */ = {isa = PBXFileReference; lastKnownFileType = sourcecode.c.h; path = AddToListViewController.h; sourceTree = "<group>"; };
		72538D40201F311600C647A4 /* AddToListViewController.m */ = {isa = PBXFileReference; lastKnownFileType = sourcecode.c.objc; path = AddToListViewController.m; sourceTree = "<group>"; };
		72538D42201F54EA00C647A4 /* BeerDetailsViewController.h */ = {isa = PBXFileReference; lastKnownFileType = sourcecode.c.h; path = BeerDetailsViewController.h; sourceTree = "<group>"; };
		72538D43201F54EA00C647A4 /* BeerDetailsViewController.m */ = {isa = PBXFileReference; lastKnownFileType = sourcecode.c.objc; path = BeerDetailsViewController.m; sourceTree = "<group>"; };
/* End PBXFileReference section */

/* Begin PBXFrameworksBuildPhase section */
		72538D1D201F2DAE00C647A4 /* Frameworks */ = {
			isa = PBXFrameworksBuildPhase;
			buildActionMask = 2147483647;
			files = (
			);
			runOnlyForDeploymentPostprocessing = 0;
		};
/* End PBXFrameworksBuildPhase section */

/* Begin PBXGroup section */
		72538D17201F2DAE00C647A4 = {
			isa = PBXGroup;
			children = (
				72538D22201F2DAE00C647A4 /* Beers-2-Drink */,
				72538D21201F2DAE00C647A4 /* Products */,
			);
			sourceTree = "<group>";
		};
		72538D21201F2DAE00C647A4 /* Products */ = {
			isa = PBXGroup;
			children = (
				72538D20201F2DAE00C647A4 /* Beers-2-Drink.app */,
			);
			name = Products;
			sourceTree = "<group>";
		};
		72538D22201F2DAE00C647A4 /* Beers-2-Drink */ = {
			isa = PBXGroup;
			children = (
				72538D23201F2DAE00C647A4 /* AppDelegate.h */,
				72538D24201F2DAE00C647A4 /* AppDelegate.m */,
				72538D29201F2DAE00C647A4 /* Main.storyboard */,
				72538D2C201F2DAE00C647A4 /* Assets.xcassets */,
				72538D2E201F2DAE00C647A4 /* LaunchScreen.storyboard */,
				72538D31201F2DAE00C647A4 /* Info.plist */,
				72538D32201F2DAE00C647A4 /* main.m */,
				72538D39201F2FFD00C647A4 /* MainTableViewController.h */,
				72538D3A201F2FFD00C647A4 /* MainTableViewController.m */,
				72538D3C201F30EF00C647A4 /* BeerListTableViewController.h */,
				72538D3D201F30EF00C647A4 /* BeerListTableViewController.m */,
				72538D3F201F311600C647A4 /* AddToListViewController.h */,
				72538D40201F311600C647A4 /* AddToListViewController.m */,
				72538D42201F54EA00C647A4 /* BeerDetailsViewController.h */,
				72538D43201F54EA00C647A4 /* BeerDetailsViewController.m */,
			);
			path = "Beers-2-Drink";
			sourceTree = "<group>";
		};
/* End PBXGroup section */

/* Begin PBXNativeTarget section */
		72538D1F201F2DAE00C647A4 /* Beers-2-Drink */ = {
			isa = PBXNativeTarget;
			buildConfigurationList = 72538D36201F2DAE00C647A4 /* Build configuration list for PBXNativeTarget "Beers-2-Drink" */;
			buildPhases = (
				72538D1C201F2DAE00C647A4 /* Sources */,
				72538D1D201F2DAE00C647A4 /* Frameworks */,
				72538D1E201F2DAE00C647A4 /* Resources */,
			);
			buildRules = (
			);
			dependencies = (
			);
			name = "Beers-2-Drink";
			productName = "Beers-2-Drink";
			productReference = 72538D20201F2DAE00C647A4 /* Beers-2-Drink.app */;
			productType = "com.apple.product-type.application";
		};
/* End PBXNativeTarget section */

/* Begin PBXProject section */
		72538D18201F2DAE00C647A4 /* Project object */ = {
			isa = PBXProject;
			attributes = {
				LastUpgradeCheck = 0920;
				ORGANIZATIONNAME = "Robert Eriksson";
				TargetAttributes = {
					72538D1F201F2DAE00C647A4 = {
						CreatedOnToolsVersion = 9.2;
						ProvisioningStyle = Automatic;
					};
				};
			};
			buildConfigurationList = 72538D1B201F2DAE00C647A4 /* Build configuration list for PBXProject "Beers-2-Drink" */;
			compatibilityVersion = "Xcode 8.0";
			developmentRegion = en;
			hasScannedForEncodings = 0;
			knownRegions = (
				en,
				Base,
			);
			mainGroup = 72538D17201F2DAE00C647A4;
			productRefGroup = 72538D21201F2DAE00C647A4 /* Products */;
			projectDirPath = "";
			projectRoot = "";
			targets = (
				72538D1F201F2DAE00C647A4 /* Beers-2-Drink */,
			);
		};
/* End PBXProject section */

/* Begin PBXResourcesBuildPhase section */
		72538D1E201F2DAE00C647A4 /* Resources */ = {
			isa = PBXResourcesBuildPhase;
			buildActionMask = 2147483647;
			files = (
				72538D30201F2DAE00C647A4 /* LaunchScreen.storyboard in Resources */,
				72538D2D201F2DAE00C647A4 /* Assets.xcassets in Resources */,
				72538D2B201F2DAE00C647A4 /* Main.storyboard in Resources */,
			);
			runOnlyForDeploymentPostprocessing = 0;
		};
/* End PBXResourcesBuildPhase section */

/* Begin PBXSourcesBuildPhase section */
		72538D1C201F2DAE00C647A4 /* Sources */ = {
			isa = PBXSourcesBuildPhase;
			buildActionMask = 2147483647;
			files = (
				72538D3B201F2FFD00C647A4 /* MainTableViewController.m in Sources */,
				72538D3E201F30EF00C647A4 /* BeerListTableViewController.m in Sources */,
				72538D33201F2DAE00C647A4 /* main.m in Sources */,
				72538D25201F2DAE00C647A4 /* AppDelegate.m in Sources */,
				72538D41201F311600C647A4 /* AddToListViewController.m in Sources */,
				72538D44201F54EA00C647A4 /* BeerDetailsViewController.m in Sources */,
			);
			runOnlyForDeploymentPostprocessing = 0;
		};
/* End PBXSourcesBuildPhase section */

/* Begin PBXVariantGroup section */
		72538D29201F2DAE00C647A4 /* Main.storyboard */ = {
			isa = PBXVariantGroup;
			children = (
				72538D2A201F2DAE00C647A4 /* Base */,
			);
			name = Main.storyboard;
			sourceTree = "<group>";
		};
		72538D2E201F2DAE00C647A4 /* LaunchScreen.storyboard */ = {
			isa = PBXVariantGroup;
			children = (
				72538D2F201F2DAE00C647A4 /* Base */,
			);
			name = LaunchScreen.storyboard;
			sourceTree = "<group>";
		};
/* End PBXVariantGroup section */

/* Begin XCBuildConfiguration section */
		72538D34201F2DAE00C647A4 /* Debug */ = {
			isa = XCBuildConfiguration;
			buildSettings = {
				ALWAYS_SEARCH_USER_PATHS = NO;
				CLANG_ANALYZER_NONNULL = YES;
				CLANG_ANALYZER_NUMBER_OBJECT_CONVERSION = YES_AGGRESSIVE;
				CLANG_CXX_LANGUAGE_STANDARD = "gnu++14";
				CLANG_CXX_LIBRARY = "libc++";
				CLANG_ENABLE_MODULES = YES;
				CLANG_ENABLE_OBJC_ARC = YES;
				CLANG_WARN_BLOCK_CAPTURE_AUTORELEASING = YES;
				CLANG_WARN_BOOL_CONVERSION = YES;
				CLANG_WARN_COMMA = YES;
				CLANG_WARN_CONSTANT_CONVERSION = YES;
				CLANG_WARN_DIRECT_OBJC_ISA_USAGE = YES_ERROR;
				CLANG_WARN_DOCUMENTATION_COMMENTS = YES;
				CLANG_WARN_EMPTY_BODY = YES;
				CLANG_WARN_ENUM_CONVERSION = YES;
				CLANG_WARN_INFINITE_RECURSION = YES;
				CLANG_WARN_INT_CONVERSION = YES;
				CLANG_WARN_NON_LITERAL_NULL_CONVERSION = YES;
				CLANG_WARN_OBJC_LITERAL_CONVERSION = YES;
				CLANG_WARN_OBJC_ROOT_CLASS = YES_ERROR;
				CLANG_WARN_RANGE_LOOP_ANALYSIS = YES;
				CLANG_WARN_STRICT_PROTOTYPES = YES;
				CLANG_WARN_SUSPICIOUS_MOVE = YES;
				CLANG_WARN_UNGUARDED_AVAILABILITY = YES_AGGRESSIVE;
				CLANG_WARN_UNREACHABLE_CODE = YES;
				CLANG_WARN__DUPLICATE_METHOD_MATCH = YES;
				CODE_SIGN_IDENTITY = "iPhone Developer";
				COPY_PHASE_STRIP = NO;
				DEBUG_INFORMATION_FORMAT = dwarf;
				ENABLE_STRICT_OBJC_MSGSEND = YES;
				ENABLE_TESTABILITY = YES;
				GCC_C_LANGUAGE_STANDARD = gnu11;
				GCC_DYNAMIC_NO_PIC = NO;
				GCC_NO_COMMON_BLOCKS = YES;
				GCC_OPTIMIZATION_LEVEL = 0;
				GCC_PREPROCESSOR_DEFINITIONS = (
					"DEBUG=1",
					"$(inherited)",
				);
				GCC_WARN_64_TO_32_BIT_CONVERSION = YES;
				GCC_WARN_ABOUT_RETURN_TYPE = YES_ERROR;
				GCC_WARN_UNDECLARED_SELECTOR = YES;
				GCC_WARN_UNINITIALIZED_AUTOS = YES_AGGRESSIVE;
				GCC_WARN_UNUSED_FUNCTION = YES;
				GCC_WARN_UNUSED_VARIABLE = YES;
				IPHONEOS_DEPLOYMENT_TARGET = 11.2;
				MTL_ENABLE_DEBUG_INFO = YES;
				ONLY_ACTIVE_ARCH = YES;
				SDKROOT = iphoneos;
			};
			name = Debug;
		};
		72538D35201F2DAE00C647A4 /* Release */ = {
			isa = XCBuildConfiguration;
			buildSettings = {
				ALWAYS_SEARCH_USER_PATHS = NO;
				CLANG_ANALYZER_NONNULL = YES;
				CLANG_ANALYZER_NUMBER_OBJECT_CONVERSION = YES_AGGRESSIVE;
				CLANG_CXX_LANGUAGE_STANDARD = "gnu++14";
				CLANG_CXX_LIBRARY = "libc++";
				CLANG_ENABLE_MODULES = YES;
				CLANG_ENABLE_OBJC_ARC = YES;
				CLANG_WARN_BLOCK_CAPTURE_AUTORELEASING = YES;
				CLANG_WARN_BOOL_CONVERSION = YES;
				CLANG_WARN_COMMA = YES;
				CLANG_WARN_CONSTANT_CONVERSION = YES;
				CLANG_WARN_DIRECT_OBJC_ISA_USAGE = YES_ERROR;
				CLANG_WARN_DOCUMENTATION_COMMENTS = YES;
				CLANG_WARN_EMPTY_BODY = YES;
				CLANG_WARN_ENUM_CONVERSION = YES;
				CLANG_WARN_INFINITE_RECURSION = YES;
				CLANG_WARN_INT_CONVERSION = YES;
				CLANG_WARN_NON_LITERAL_NULL_CONVERSION = YES;
				CLANG_WARN_OBJC_LITERAL_CONVERSION = YES;
				CLANG_WARN_OBJC_ROOT_CLASS = YES_ERROR;
				CLANG_WARN_RANGE_LOOP_ANALYSIS = YES;
				CLANG_WARN_STRICT_PROTOTYPES = YES;
				CLANG_WARN_SUSPICIOUS_MOVE = YES;
				CLANG_WARN_UNGUARDED_AVAILABILITY = YES_AGGRESSIVE;
				CLANG_WARN_UNREACHABLE_CODE = YES;
				CLANG_WARN__DUPLICATE_METHOD_MATCH = YES;
				CODE_SIGN_IDENTITY = "iPhone Developer";
				COPY_PHASE_STRIP = NO;
				DEBUG_INFORMATION_FORMAT = "dwarf-with-dsym";
				ENABLE_NS_ASSERTIONS = NO;
				ENABLE_STRICT_OBJC_MSGSEND = YES;
				GCC_C_LANGUAGE_STANDARD = gnu11;
				GCC_NO_COMMON_BLOCKS = YES;
				GCC_WARN_64_TO_32_BIT_CONVERSION = YES;
				GCC_WARN_ABOUT_RETURN_TYPE = YES_ERROR;
				GCC_WARN_UNDECLARED_SELECTOR = YES;
				GCC_WARN_UNINITIALIZED_AUTOS = YES_AGGRESSIVE;
				GCC_WARN_UNUSED_FUNCTION = YES;
				GCC_WARN_UNUSED_VARIABLE = YES;
				IPHONEOS_DEPLOYMENT_TARGET = 11.2;
				MTL_ENABLE_DEBUG_INFO = NO;
				SDKROOT = iphoneos;
				VALIDATE_PRODUCT = YES;
			};
			name = Release;
		};
		72538D37201F2DAE00C647A4 /* Debug */ = {
			isa = XCBuildConfiguration;
			buildSettings = {
				ASSETCATALOG_COMPILER_APPICON_NAME = AppIcon;
				CODE_SIGN_STYLE = Automatic;
				INFOPLIST_FILE = "Beers-2-Drink/Info.plist";
				LD_RUNPATH_SEARCH_PATHS = "$(inherited) @executable_path/Frameworks";
				PRODUCT_BUNDLE_IDENTIFIER = "RE.Beers-2-Drink";
				PRODUCT_NAME = "$(TARGET_NAME)";
				TARGETED_DEVICE_FAMILY = "1,2";
			};
			name = Debug;
		};
		72538D38201F2DAE00C647A4 /* Release */ = {
			isa = XCBuildConfiguration;
			buildSettings = {
				ASSETCATALOG_COMPILER_APPICON_NAME = AppIcon;
				CODE_SIGN_STYLE = Automatic;
				INFOPLIST_FILE = "Beers-2-Drink/Info.plist";
				LD_RUNPATH_SEARCH_PATHS = "$(inherited) @executable_path/Frameworks";
				PRODUCT_BUNDLE_IDENTIFIER = "RE.Beers-2-Drink";
				PRODUCT_NAME = "$(TARGET_NAME)";
				TARGETED_DEVICE_FAMILY = "1,2";
			};
			name = Release;
		};
/* End XCBuildConfiguration section */

/* Begin XCConfigurationList section */
		72538D1B201F2DAE00C647A4 /* Build configuration list for PBXProject "Beers-2-Drink" */ = {
			isa = XCConfigurationList;
			buildConfigurations = (
				72538D34201F2DAE00C647A4 /* Debug */,
				72538D35201F2DAE00C647A4 /* Release */,
			);
			defaultConfigurationIsVisible = 0;
			defaultConfigurationName = Release;
		};
		72538D36201F2DAE00C647A4 /* Build configuration list for PBXNativeTarget "Beers-2-Drink" */ = {
			isa = XCConfigurationList;
			buildConfigurations = (
				72538D37201F2DAE00C647A4 /* Debug */,
				72538D38201F2DAE00C647A4 /* Release */,
			);
			defaultConfigurationIsVisible = 0;
			defaultConfigurationName = Release;
		};
/* End XCConfigurationList section */
	};
	rootObject = 72538D18201F2DAE00C647A4 /* Project object */;
}
